// !$*UTF8*$!
{
	archiveVersion = 1;
	classes = {
	};
	objectVersion = 50;
	objects = {

/* Begin PBXBuildFile section */
		786F9CADA92ECBBFB6784DD9 /* Pods_MerlinFourSquare.framework in Frameworks */ = {isa = PBXBuildFile; fileRef = 829DC52DD7E7C91E42473013 /* Pods_MerlinFourSquare.framework */; };
		EA925E5621A1F07400F56BEA /* FourSquareEndpoint.swift in Sources */ = {isa = PBXBuildFile; fileRef = EA925E5521A1F07300F56BEA /* FourSquareEndpoint.swift */; };
		EA925E5921A1F16B00F56BEA /* Dictionary+Extension.swift in Sources */ = {isa = PBXBuildFile; fileRef = EA925E5821A1F16B00F56BEA /* Dictionary+Extension.swift */; };
		EA925E5C21A1FA1D00F56BEA /* VenueListViewController.swift in Sources */ = {isa = PBXBuildFile; fileRef = EA925E5B21A1FA1D00F56BEA /* VenueListViewController.swift */; };
		EA925E6321A1FE5700F56BEA /* UIView+Extension.swift in Sources */ = {isa = PBXBuildFile; fileRef = EA925E6221A1FE5700F56BEA /* UIView+Extension.swift */; };
		EA925E6821A2248500F56BEA /* VenueCollectionViewCell.swift in Sources */ = {isa = PBXBuildFile; fileRef = EA925E6621A2248500F56BEA /* VenueCollectionViewCell.swift */; };
		EA925E6921A2248500F56BEA /* VenueCollectionViewCell.xib in Resources */ = {isa = PBXBuildFile; fileRef = EA925E6721A2248500F56BEA /* VenueCollectionViewCell.xib */; };
		EAD4C76821A2797500E8308A /* podfile in Resources */ = {isa = PBXBuildFile; fileRef = EAD4C76721A2797500E8308A /* podfile */; };
		EAD4C76A21A279D100E8308A /* MapVenuesViewController.swift in Sources */ = {isa = PBXBuildFile; fileRef = EAD4C76921A279D100E8308A /* MapVenuesViewController.swift */; };
		EAD4C76C21A27A4600E8308A /* UIViewController+Extension.swift in Sources */ = {isa = PBXBuildFile; fileRef = EAD4C76B21A27A4600E8308A /* UIViewController+Extension.swift */; };
		EAD4C76E21A2902500E8308A /* Categories.swift in Sources */ = {isa = PBXBuildFile; fileRef = EAD4C76D21A2902500E8308A /* Categories.swift */; };
		EAD4C77021A2904200E8308A /* FourSquareIcon.swift in Sources */ = {isa = PBXBuildFile; fileRef = EAD4C76F21A2904200E8308A /* FourSquareIcon.swift */; };
		EAD4C77221A2924600E8308A /* FourSquareLocation.swift in Sources */ = {isa = PBXBuildFile; fileRef = EAD4C77121A2924600E8308A /* FourSquareLocation.swift */; };
		EAD4C77421A292AF00E8308A /* FourSquareMeta.swift in Sources */ = {isa = PBXBuildFile; fileRef = EAD4C77321A292AF00E8308A /* FourSquareMeta.swift */; };
		EAD4C77621A2986800E8308A /* FourSquareResponse.swift in Sources */ = {isa = PBXBuildFile; fileRef = EAD4C77521A2986800E8308A /* FourSquareResponse.swift */; };
		EAFDEB41219BF9D2005DA89F /* AppDelegate.swift in Sources */ = {isa = PBXBuildFile; fileRef = EAFDEB40219BF9D2005DA89F /* AppDelegate.swift */; };
		EAFDEB43219BF9D2005DA89F /* ViewController.swift in Sources */ = {isa = PBXBuildFile; fileRef = EAFDEB42219BF9D2005DA89F /* ViewController.swift */; };
		EAFDEB46219BF9D2005DA89F /* Main.storyboard in Resources */ = {isa = PBXBuildFile; fileRef = EAFDEB44219BF9D2005DA89F /* Main.storyboard */; };
		EAFDEB48219BF9D3005DA89F /* Assets.xcassets in Resources */ = {isa = PBXBuildFile; fileRef = EAFDEB47219BF9D3005DA89F /* Assets.xcassets */; };
		EAFDEB4B219BF9D3005DA89F /* LaunchScreen.storyboard in Resources */ = {isa = PBXBuildFile; fileRef = EAFDEB49219BF9D3005DA89F /* LaunchScreen.storyboard */; };
		EAFDEB56219BF9D3005DA89F /* MerlinFourSquareTests.swift in Sources */ = {isa = PBXBuildFile; fileRef = EAFDEB55219BF9D3005DA89F /* MerlinFourSquareTests.swift */; };
		EAFDEB61219BF9D3005DA89F /* MerlinFourSquareUITests.swift in Sources */ = {isa = PBXBuildFile; fileRef = EAFDEB60219BF9D3005DA89F /* MerlinFourSquareUITests.swift */; };
		EAFDEB70219BF9F0005DA89F /* NetworkManager.swift in Sources */ = {isa = PBXBuildFile; fileRef = EAFDEB6F219BF9F0005DA89F /* NetworkManager.swift */; };
		EAFDEB72219EDDAF005DA89F /* FourSquareAPI.swift in Sources */ = {isa = PBXBuildFile; fileRef = EAFDEB71219EDDAF005DA89F /* FourSquareAPI.swift */; };
		EAFDEB74219EE992005DA89F /* Venue.swift in Sources */ = {isa = PBXBuildFile; fileRef = EAFDEB73219EE992005DA89F /* Venue.swift */; };
/* End PBXBuildFile section */

/* Begin PBXContainerItemProxy section */
		EAFDEB52219BF9D3005DA89F /* PBXContainerItemProxy */ = {
			isa = PBXContainerItemProxy;
			containerPortal = EAFDEB35219BF9D2005DA89F /* Project object */;
			proxyType = 1;
			remoteGlobalIDString = EAFDEB3C219BF9D2005DA89F;
			remoteInfo = MerlinFourSquare;
		};
		EAFDEB5D219BF9D3005DA89F /* PBXContainerItemProxy */ = {
			isa = PBXContainerItemProxy;
			containerPortal = EAFDEB35219BF9D2005DA89F /* Project object */;
			proxyType = 1;
			remoteGlobalIDString = EAFDEB3C219BF9D2005DA89F;
			remoteInfo = MerlinFourSquare;
		};
/* End PBXContainerItemProxy section */

/* Begin PBXFileReference section */
		075F03505A00D4AD7090B994 /* Pods-MerlinFourSquare.release.xcconfig */ = {isa = PBXFileReference; includeInIndex = 1; lastKnownFileType = text.xcconfig; name = "Pods-MerlinFourSquare.release.xcconfig"; path = "Pods/Target Support Files/Pods-MerlinFourSquare/Pods-MerlinFourSquare.release.xcconfig"; sourceTree = "<group>"; };
		229420726D6A079B2516AE2B /* Pods-MerlinFourSquare.debug.xcconfig */ = {isa = PBXFileReference; includeInIndex = 1; lastKnownFileType = text.xcconfig; name = "Pods-MerlinFourSquare.debug.xcconfig"; path = "Pods/Target Support Files/Pods-MerlinFourSquare/Pods-MerlinFourSquare.debug.xcconfig"; sourceTree = "<group>"; };
		829DC52DD7E7C91E42473013 /* Pods_MerlinFourSquare.framework */ = {isa = PBXFileReference; explicitFileType = wrapper.framework; includeInIndex = 0; path = Pods_MerlinFourSquare.framework; sourceTree = BUILT_PRODUCTS_DIR; };
		EA925E5521A1F07300F56BEA /* FourSquareEndpoint.swift */ = {isa = PBXFileReference; lastKnownFileType = sourcecode.swift; path = FourSquareEndpoint.swift; sourceTree = "<group>"; };
		EA925E5821A1F16B00F56BEA /* Dictionary+Extension.swift */ = {isa = PBXFileReference; lastKnownFileType = sourcecode.swift; path = "Dictionary+Extension.swift"; sourceTree = "<group>"; };
		EA925E5B21A1FA1D00F56BEA /* VenueListViewController.swift */ = {isa = PBXFileReference; lastKnownFileType = sourcecode.swift; path = VenueListViewController.swift; sourceTree = "<group>"; };
		EA925E6221A1FE5700F56BEA /* UIView+Extension.swift */ = {isa = PBXFileReference; lastKnownFileType = sourcecode.swift; path = "UIView+Extension.swift"; sourceTree = "<group>"; };
		EA925E6621A2248500F56BEA /* VenueCollectionViewCell.swift */ = {isa = PBXFileReference; lastKnownFileType = sourcecode.swift; path = VenueCollectionViewCell.swift; sourceTree = "<group>"; };
		EA925E6721A2248500F56BEA /* VenueCollectionViewCell.xib */ = {isa = PBXFileReference; lastKnownFileType = file.xib; path = VenueCollectionViewCell.xib; sourceTree = "<group>"; };
		EAD4C76721A2797500E8308A /* podfile */ = {isa = PBXFileReference; lastKnownFileType = text; path = podfile; sourceTree = "<group>"; };
		EAD4C76921A279D100E8308A /* MapVenuesViewController.swift */ = {isa = PBXFileReference; fileEncoding = 4; lastKnownFileType = sourcecode.swift; path = MapVenuesViewController.swift; sourceTree = "<group>"; };
		EAD4C76B21A27A4600E8308A /* UIViewController+Extension.swift */ = {isa = PBXFileReference; fileEncoding = 4; lastKnownFileType = sourcecode.swift; path = "UIViewController+Extension.swift"; sourceTree = "<group>"; };
		EAD4C76D21A2902500E8308A /* Categories.swift */ = {isa = PBXFileReference; lastKnownFileType = sourcecode.swift; path = Categories.swift; sourceTree = "<group>"; };
		EAD4C76F21A2904200E8308A /* FourSquareIcon.swift */ = {isa = PBXFileReference; lastKnownFileType = sourcecode.swift; path = FourSquareIcon.swift; sourceTree = "<group>"; };
		EAD4C77121A2924600E8308A /* FourSquareLocation.swift */ = {isa = PBXFileReference; lastKnownFileType = sourcecode.swift; path = FourSquareLocation.swift; sourceTree = "<group>"; };
		EAD4C77321A292AF00E8308A /* FourSquareMeta.swift */ = {isa = PBXFileReference; lastKnownFileType = sourcecode.swift; path = FourSquareMeta.swift; sourceTree = "<group>"; };
		EAD4C77521A2986800E8308A /* FourSquareResponse.swift */ = {isa = PBXFileReference; lastKnownFileType = sourcecode.swift; path = FourSquareResponse.swift; sourceTree = "<group>"; };
		EAFDEB3D219BF9D2005DA89F /* MerlinFourSquare.app */ = {isa = PBXFileReference; explicitFileType = wrapper.application; includeInIndex = 0; path = MerlinFourSquare.app; sourceTree = BUILT_PRODUCTS_DIR; };
		EAFDEB40219BF9D2005DA89F /* AppDelegate.swift */ = {isa = PBXFileReference; lastKnownFileType = sourcecode.swift; path = AppDelegate.swift; sourceTree = "<group>"; };
		EAFDEB42219BF9D2005DA89F /* ViewController.swift */ = {isa = PBXFileReference; lastKnownFileType = sourcecode.swift; path = ViewController.swift; sourceTree = "<group>"; };
		EAFDEB45219BF9D2005DA89F /* Base */ = {isa = PBXFileReference; lastKnownFileType = file.storyboard; name = Base; path = Base.lproj/Main.storyboard; sourceTree = "<group>"; };
		EAFDEB47219BF9D3005DA89F /* Assets.xcassets */ = {isa = PBXFileReference; lastKnownFileType = folder.assetcatalog; path = Assets.xcassets; sourceTree = "<group>"; };
		EAFDEB4A219BF9D3005DA89F /* Base */ = {isa = PBXFileReference; lastKnownFileType = file.storyboard; name = Base; path = Base.lproj/LaunchScreen.storyboard; sourceTree = "<group>"; };
		EAFDEB4C219BF9D3005DA89F /* Info.plist */ = {isa = PBXFileReference; lastKnownFileType = text.plist.xml; path = Info.plist; sourceTree = "<group>"; };
		EAFDEB51219BF9D3005DA89F /* MerlinFourSquareTests.xctest */ = {isa = PBXFileReference; explicitFileType = wrapper.cfbundle; includeInIndex = 0; path = MerlinFourSquareTests.xctest; sourceTree = BUILT_PRODUCTS_DIR; };
		EAFDEB55219BF9D3005DA89F /* MerlinFourSquareTests.swift */ = {isa = PBXFileReference; lastKnownFileType = sourcecode.swift; path = MerlinFourSquareTests.swift; sourceTree = "<group>"; };
		EAFDEB57219BF9D3005DA89F /* Info.plist */ = {isa = PBXFileReference; lastKnownFileType = text.plist.xml; path = Info.plist; sourceTree = "<group>"; };
		EAFDEB5C219BF9D3005DA89F /* MerlinFourSquareUITests.xctest */ = {isa = PBXFileReference; explicitFileType = wrapper.cfbundle; includeInIndex = 0; path = MerlinFourSquareUITests.xctest; sourceTree = BUILT_PRODUCTS_DIR; };
		EAFDEB60219BF9D3005DA89F /* MerlinFourSquareUITests.swift */ = {isa = PBXFileReference; lastKnownFileType = sourcecode.swift; path = MerlinFourSquareUITests.swift; sourceTree = "<group>"; };
		EAFDEB62219BF9D3005DA89F /* Info.plist */ = {isa = PBXFileReference; lastKnownFileType = text.plist.xml; path = Info.plist; sourceTree = "<group>"; };
		EAFDEB6F219BF9F0005DA89F /* NetworkManager.swift */ = {isa = PBXFileReference; lastKnownFileType = sourcecode.swift; path = NetworkManager.swift; sourceTree = "<group>"; };
		EAFDEB71219EDDAF005DA89F /* FourSquareAPI.swift */ = {isa = PBXFileReference; lastKnownFileType = sourcecode.swift; path = FourSquareAPI.swift; sourceTree = "<group>"; };
		EAFDEB73219EE992005DA89F /* Venue.swift */ = {isa = PBXFileReference; lastKnownFileType = sourcecode.swift; path = Venue.swift; sourceTree = "<group>"; };
/* End PBXFileReference section */

/* Begin PBXFrameworksBuildPhase section */
		EAFDEB3A219BF9D2005DA89F /* Frameworks */ = {
			isa = PBXFrameworksBuildPhase;
			buildActionMask = 2147483647;
			files = (
				786F9CADA92ECBBFB6784DD9 /* Pods_MerlinFourSquare.framework in Frameworks */,
			);
			runOnlyForDeploymentPostprocessing = 0;
		};
		EAFDEB4E219BF9D3005DA89F /* Frameworks */ = {
			isa = PBXFrameworksBuildPhase;
			buildActionMask = 2147483647;
			files = (
			);
			runOnlyForDeploymentPostprocessing = 0;
		};
		EAFDEB59219BF9D3005DA89F /* Frameworks */ = {
			isa = PBXFrameworksBuildPhase;
			buildActionMask = 2147483647;
			files = (
			);
			runOnlyForDeploymentPostprocessing = 0;
		};
/* End PBXFrameworksBuildPhase section */

/* Begin PBXGroup section */
		30E9BBC862B5400BE5708178 /* Frameworks */ = {
			isa = PBXGroup;
			children = (
				829DC52DD7E7C91E42473013 /* Pods_MerlinFourSquare.framework */,
			);
			name = Frameworks;
			sourceTree = "<group>";
		};
		45E028A665D9086CA3CB42A3 /* Pods */ = {
			isa = PBXGroup;
			children = (
				229420726D6A079B2516AE2B /* Pods-MerlinFourSquare.debug.xcconfig */,
				075F03505A00D4AD7090B994 /* Pods-MerlinFourSquare.release.xcconfig */,
			);
			name = Pods;
			sourceTree = "<group>";
		};
		EA925E5721A1F13E00F56BEA /* Extensions */ = {
			isa = PBXGroup;
			children = (
				EA925E5821A1F16B00F56BEA /* Dictionary+Extension.swift */,
				EA925E6221A1FE5700F56BEA /* UIView+Extension.swift */,
				EAD4C76B21A27A4600E8308A /* UIViewController+Extension.swift */,
			);
			path = Extensions;
			sourceTree = "<group>";
		};
		EA925E5A21A1F9FE00F56BEA /* Controllers */ = {
			isa = PBXGroup;
			children = (
				EA925E5B21A1FA1D00F56BEA /* VenueListViewController.swift */,
				EAD4C76921A279D100E8308A /* MapVenuesViewController.swift */,
			);
			path = Controllers;
			sourceTree = "<group>";
		};
		EA925E5D21A1FBAC00F56BEA /* Cells */ = {
			isa = PBXGroup;
			children = (
				EA925E6621A2248500F56BEA /* VenueCollectionViewCell.swift */,
				EA925E6721A2248500F56BEA /* VenueCollectionViewCell.xib */,
			);
			path = Cells;
			sourceTree = "<group>";
		};
		EAFDEB34219BF9D2005DA89F = {
			isa = PBXGroup;
			children = (
				EAD4C76721A2797500E8308A /* podfile */,
				EAFDEB3F219BF9D2005DA89F /* MerlinFourSquare */,
				EAFDEB54219BF9D3005DA89F /* MerlinFourSquareTests */,
				EAFDEB5F219BF9D3005DA89F /* MerlinFourSquareUITests */,
				EAFDEB3E219BF9D2005DA89F /* Products */,
				45E028A665D9086CA3CB42A3 /* Pods */,
				30E9BBC862B5400BE5708178 /* Frameworks */,
			);
			sourceTree = "<group>";
		};
		EAFDEB3E219BF9D2005DA89F /* Products */ = {
			isa = PBXGroup;
			children = (
				EAFDEB3D219BF9D2005DA89F /* MerlinFourSquare.app */,
				EAFDEB51219BF9D3005DA89F /* MerlinFourSquareTests.xctest */,
				EAFDEB5C219BF9D3005DA89F /* MerlinFourSquareUITests.xctest */,
			);
			name = Products;
			sourceTree = "<group>";
		};
		EAFDEB3F219BF9D2005DA89F /* MerlinFourSquare */ = {
			isa = PBXGroup;
			children = (
				EA925E5D21A1FBAC00F56BEA /* Cells */,
				EA925E5A21A1F9FE00F56BEA /* Controllers */,
				EA925E5721A1F13E00F56BEA /* Extensions */,
				EAFDEB6E219BF9DF005DA89F /* Model */,
				EAFDEB40219BF9D2005DA89F /* AppDelegate.swift */,
				EAFDEB42219BF9D2005DA89F /* ViewController.swift */,
				EAFDEB44219BF9D2005DA89F /* Main.storyboard */,
				EAFDEB47219BF9D3005DA89F /* Assets.xcassets */,
				EAFDEB49219BF9D3005DA89F /* LaunchScreen.storyboard */,
				EAFDEB4C219BF9D3005DA89F /* Info.plist */,
			);
			path = MerlinFourSquare;
			sourceTree = "<group>";
		};
		EAFDEB54219BF9D3005DA89F /* MerlinFourSquareTests */ = {
			isa = PBXGroup;
			children = (
				EAFDEB55219BF9D3005DA89F /* MerlinFourSquareTests.swift */,
				EAFDEB57219BF9D3005DA89F /* Info.plist */,
			);
			path = MerlinFourSquareTests;
			sourceTree = "<group>";
		};
		EAFDEB5F219BF9D3005DA89F /* MerlinFourSquareUITests */ = {
			isa = PBXGroup;
			children = (
				EAFDEB60219BF9D3005DA89F /* MerlinFourSquareUITests.swift */,
				EAFDEB62219BF9D3005DA89F /* Info.plist */,
			);
			path = MerlinFourSquareUITests;
			sourceTree = "<group>";
		};
		EAFDEB6E219BF9DF005DA89F /* Model */ = {
			isa = PBXGroup;
			children = (
				EAFDEB6F219BF9F0005DA89F /* NetworkManager.swift */,
				EAFDEB71219EDDAF005DA89F /* FourSquareAPI.swift */,
				EAFDEB73219EE992005DA89F /* Venue.swift */,
				EA925E5521A1F07300F56BEA /* FourSquareEndpoint.swift */,
				EAD4C76D21A2902500E8308A /* Categories.swift */,
				EAD4C76F21A2904200E8308A /* FourSquareIcon.swift */,
				EAD4C77121A2924600E8308A /* FourSquareLocation.swift */,
				EAD4C77321A292AF00E8308A /* FourSquareMeta.swift */,
				EAD4C77521A2986800E8308A /* FourSquareResponse.swift */,
			);
			path = Model;
			sourceTree = "<group>";
		};
/* End PBXGroup section */

/* Begin PBXNativeTarget section */
		EAFDEB3C219BF9D2005DA89F /* MerlinFourSquare */ = {
			isa = PBXNativeTarget;
			buildConfigurationList = EAFDEB65219BF9D3005DA89F /* Build configuration list for PBXNativeTarget "MerlinFourSquare" */;
			buildPhases = (
				0DB1486EBCCB0DB5D5CF582B /* [CP] Check Pods Manifest.lock */,
				EAFDEB39219BF9D2005DA89F /* Sources */,
				EAFDEB3A219BF9D2005DA89F /* Frameworks */,
				EAFDEB3B219BF9D2005DA89F /* Resources */,
				D60514742B9B9E289BF99B59 /* [CP] Copy Pods Resources */,
			);
			buildRules = (
			);
			dependencies = (
			);
			name = MerlinFourSquare;
			productName = MerlinFourSquare;
			productReference = EAFDEB3D219BF9D2005DA89F /* MerlinFourSquare.app */;
			productType = "com.apple.product-type.application";
		};
		EAFDEB50219BF9D3005DA89F /* MerlinFourSquareTests */ = {
			isa = PBXNativeTarget;
			buildConfigurationList = EAFDEB68219BF9D3005DA89F /* Build configuration list for PBXNativeTarget "MerlinFourSquareTests" */;
			buildPhases = (
				EAFDEB4D219BF9D3005DA89F /* Sources */,
				EAFDEB4E219BF9D3005DA89F /* Frameworks */,
				EAFDEB4F219BF9D3005DA89F /* Resources */,
			);
			buildRules = (
			);
			dependencies = (
				EAFDEB53219BF9D3005DA89F /* PBXTargetDependency */,
			);
			name = MerlinFourSquareTests;
			productName = MerlinFourSquareTests;
			productReference = EAFDEB51219BF9D3005DA89F /* MerlinFourSquareTests.xctest */;
			productType = "com.apple.product-type.bundle.unit-test";
		};
		EAFDEB5B219BF9D3005DA89F /* MerlinFourSquareUITests */ = {
			isa = PBXNativeTarget;
			buildConfigurationList = EAFDEB6B219BF9D3005DA89F /* Build configuration list for PBXNativeTarget "MerlinFourSquareUITests" */;
			buildPhases = (
				EAFDEB58219BF9D3005DA89F /* Sources */,
				EAFDEB59219BF9D3005DA89F /* Frameworks */,
				EAFDEB5A219BF9D3005DA89F /* Resources */,
			);
			buildRules = (
			);
			dependencies = (
				EAFDEB5E219BF9D3005DA89F /* PBXTargetDependency */,
			);
			name = MerlinFourSquareUITests;
			productName = MerlinFourSquareUITests;
			productReference = EAFDEB5C219BF9D3005DA89F /* MerlinFourSquareUITests.xctest */;
			productType = "com.apple.product-type.bundle.ui-testing";
		};
/* End PBXNativeTarget section */

/* Begin PBXProject section */
		EAFDEB35219BF9D2005DA89F /* Project object */ = {
			isa = PBXProject;
			attributes = {
				LastSwiftUpdateCheck = 1000;
				LastUpgradeCheck = 1000;
				ORGANIZATIONNAME = Gonzalinho;
				TargetAttributes = {
					EAFDEB3C219BF9D2005DA89F = {
						CreatedOnToolsVersion = 10.0;
					};
					EAFDEB50219BF9D3005DA89F = {
						CreatedOnToolsVersion = 10.0;
						TestTargetID = EAFDEB3C219BF9D2005DA89F;
					};
					EAFDEB5B219BF9D3005DA89F = {
						CreatedOnToolsVersion = 10.0;
						TestTargetID = EAFDEB3C219BF9D2005DA89F;
					};
				};
			};
			buildConfigurationList = EAFDEB38219BF9D2005DA89F /* Build configuration list for PBXProject "MerlinFourSquare" */;
			compatibilityVersion = "Xcode 9.3";
			developmentRegion = en;
			hasScannedForEncodings = 0;
			knownRegions = (
				en,
				Base,
			);
			mainGroup = EAFDEB34219BF9D2005DA89F;
			productRefGroup = EAFDEB3E219BF9D2005DA89F /* Products */;
			projectDirPath = "";
			projectRoot = "";
			targets = (
				EAFDEB3C219BF9D2005DA89F /* MerlinFourSquare */,
				EAFDEB50219BF9D3005DA89F /* MerlinFourSquareTests */,
				EAFDEB5B219BF9D3005DA89F /* MerlinFourSquareUITests */,
			);
		};
/* End PBXProject section */

/* Begin PBXResourcesBuildPhase section */
		EAFDEB3B219BF9D2005DA89F /* Resources */ = {
			isa = PBXResourcesBuildPhase;
			buildActionMask = 2147483647;
			files = (
				EAFDEB4B219BF9D3005DA89F /* LaunchScreen.storyboard in Resources */,
				EAFDEB48219BF9D3005DA89F /* Assets.xcassets in Resources */,
				EAD4C76821A2797500E8308A /* podfile in Resources */,
				EA925E6921A2248500F56BEA /* VenueCollectionViewCell.xib in Resources */,
				EAFDEB46219BF9D2005DA89F /* Main.storyboard in Resources */,
			);
			runOnlyForDeploymentPostprocessing = 0;
		};
		EAFDEB4F219BF9D3005DA89F /* Resources */ = {
			isa = PBXResourcesBuildPhase;
			buildActionMask = 2147483647;
			files = (
			);
			runOnlyForDeploymentPostprocessing = 0;
		};
		EAFDEB5A219BF9D3005DA89F /* Resources */ = {
			isa = PBXResourcesBuildPhase;
			buildActionMask = 2147483647;
			files = (
			);
			runOnlyForDeploymentPostprocessing = 0;
		};
/* End PBXResourcesBuildPhase section */

/* Begin PBXShellScriptBuildPhase section */
		0DB1486EBCCB0DB5D5CF582B /* [CP] Check Pods Manifest.lock */ = {
			isa = PBXShellScriptBuildPhase;
			buildActionMask = 2147483647;
			files = (
			);
			inputFileListPaths = (
			);
			inputPaths = (
				"${PODS_PODFILE_DIR_PATH}/Podfile.lock",
				"${PODS_ROOT}/Manifest.lock",
			);
			name = "[CP] Check Pods Manifest.lock";
			outputFileListPaths = (
			);
			outputPaths = (
				"$(DERIVED_FILE_DIR)/Pods-MerlinFourSquare-checkManifestLockResult.txt",
			);
			runOnlyForDeploymentPostprocessing = 0;
			shellPath = /bin/sh;
			shellScript = "diff \"${PODS_PODFILE_DIR_PATH}/Podfile.lock\" \"${PODS_ROOT}/Manifest.lock\" > /dev/null\nif [ $? != 0 ] ; then\n    # print error to STDERR\n    echo \"error: The sandbox is not in sync with the Podfile.lock. Run 'pod install' or update your CocoaPods installation.\" >&2\n    exit 1\nfi\n# This output is used by Xcode 'outputs' to avoid re-running this script phase.\necho \"SUCCESS\" > \"${SCRIPT_OUTPUT_FILE_0}\"\n";
			showEnvVarsInLog = 0;
		};
		D60514742B9B9E289BF99B59 /* [CP] Copy Pods Resources */ = {
			isa = PBXShellScriptBuildPhase;
			buildActionMask = 2147483647;
			files = (
			);
			inputFileListPaths = (
			);
			inputPaths = (
				"${SRCROOT}/Pods/Target Support Files/Pods-MerlinFourSquare/Pods-MerlinFourSquare-resources.sh",
				"${PODS_ROOT}/GoogleMaps/Maps/Frameworks/GoogleMaps.framework/Resources/GoogleMaps.bundle",
			);
			name = "[CP] Copy Pods Resources";
			outputFileListPaths = (
			);
			outputPaths = (
				"${TARGET_BUILD_DIR}/${UNLOCALIZED_RESOURCES_FOLDER_PATH}/GoogleMaps.bundle",
			);
			runOnlyForDeploymentPostprocessing = 0;
			shellPath = /bin/sh;
			shellScript = "\"${SRCROOT}/Pods/Target Support Files/Pods-MerlinFourSquare/Pods-MerlinFourSquare-resources.sh\"\n";
			showEnvVarsInLog = 0;
		};
/* End PBXShellScriptBuildPhase section */

/* Begin PBXSourcesBuildPhase section */
		EAFDEB39219BF9D2005DA89F /* Sources */ = {
			isa = PBXSourcesBuildPhase;
			buildActionMask = 2147483647;
			files = (
				EAD4C76C21A27A4600E8308A /* UIViewController+Extension.swift in Sources */,
				EAD4C77621A2986800E8308A /* FourSquareResponse.swift in Sources */,
				EAFDEB70219BF9F0005DA89F /* NetworkManager.swift in Sources */,
				EA925E5921A1F16B00F56BEA /* Dictionary+Extension.swift in Sources */,
				EAD4C77421A292AF00E8308A /* FourSquareMeta.swift in Sources */,
				EAD4C76A21A279D100E8308A /* MapVenuesViewController.swift in Sources */,
				EA925E6821A2248500F56BEA /* VenueCollectionViewCell.swift in Sources */,
				EAD4C77021A2904200E8308A /* FourSquareIcon.swift in Sources */,
				EAFDEB74219EE992005DA89F /* Venue.swift in Sources */,
				EAFDEB72219EDDAF005DA89F /* FourSquareAPI.swift in Sources */,
				EAD4C77221A2924600E8308A /* FourSquareLocation.swift in Sources */,
				EA925E5621A1F07400F56BEA /* FourSquareEndpoint.swift in Sources */,
				EAFDEB43219BF9D2005DA89F /* ViewController.swift in Sources */,
				EA925E5C21A1FA1D00F56BEA /* VenueListViewController.swift in Sources */,
				EA925E6321A1FE5700F56BEA /* UIView+Extension.swift in Sources */,
				EAFDEB41219BF9D2005DA89F /* AppDelegate.swift in Sources */,
				EAD4C76E21A2902500E8308A /* Categories.swift in Sources */,
			);
			runOnlyForDeploymentPostprocessing = 0;
		};
		EAFDEB4D219BF9D3005DA89F /* Sources */ = {
			isa = PBXSourcesBuildPhase;
			buildActionMask = 2147483647;
			files = (
				EAFDEB56219BF9D3005DA89F /* MerlinFourSquareTests.swift in Sources */,
			);
			runOnlyForDeploymentPostprocessing = 0;
		};
		EAFDEB58219BF9D3005DA89F /* Sources */ = {
			isa = PBXSourcesBuildPhase;
			buildActionMask = 2147483647;
			files = (
				EAFDEB61219BF9D3005DA89F /* MerlinFourSquareUITests.swift in Sources */,
			);
			runOnlyForDeploymentPostprocessing = 0;
		};
/* End PBXSourcesBuildPhase section */

/* Begin PBXTargetDependency section */
		EAFDEB53219BF9D3005DA89F /* PBXTargetDependency */ = {
			isa = PBXTargetDependency;
			target = EAFDEB3C219BF9D2005DA89F /* MerlinFourSquare */;
			targetProxy = EAFDEB52219BF9D3005DA89F /* PBXContainerItemProxy */;
		};
		EAFDEB5E219BF9D3005DA89F /* PBXTargetDependency */ = {
			isa = PBXTargetDependency;
			target = EAFDEB3C219BF9D2005DA89F /* MerlinFourSquare */;
			targetProxy = EAFDEB5D219BF9D3005DA89F /* PBXContainerItemProxy */;
		};
/* End PBXTargetDependency section */

/* Begin PBXVariantGroup section */
		EAFDEB44219BF9D2005DA89F /* Main.storyboard */ = {
			isa = PBXVariantGroup;
			children = (
				EAFDEB45219BF9D2005DA89F /* Base */,
			);
			name = Main.storyboard;
			sourceTree = "<group>";
		};
		EAFDEB49219BF9D3005DA89F /* LaunchScreen.storyboard */ = {
			isa = PBXVariantGroup;
			children = (
				EAFDEB4A219BF9D3005DA89F /* Base */,
			);
			name = LaunchScreen.storyboard;
			sourceTree = "<group>";
		};
/* End PBXVariantGroup section */

/* Begin XCBuildConfiguration section */
		EAFDEB63219BF9D3005DA89F /* Debug */ = {
			isa = XCBuildConfiguration;
			buildSettings = {
				ALWAYS_SEARCH_USER_PATHS = NO;
				CLANG_ANALYZER_NONNULL = YES;
				CLANG_ANALYZER_NUMBER_OBJECT_CONVERSION = YES_AGGRESSIVE;
				CLANG_CXX_LANGUAGE_STANDARD = "gnu++14";
				CLANG_CXX_LIBRARY = "libc++";
				CLANG_ENABLE_MODULES = YES;
				CLANG_ENABLE_OBJC_ARC = YES;
				CLANG_ENABLE_OBJC_WEAK = YES;
				CLANG_WARN_BLOCK_CAPTURE_AUTORELEASING = YES;
				CLANG_WARN_BOOL_CONVERSION = YES;
				CLANG_WARN_COMMA = YES;
				CLANG_WARN_CONSTANT_CONVERSION = YES;
				CLANG_WARN_DEPRECATED_OBJC_IMPLEMENTATIONS = YES;
				CLANG_WARN_DIRECT_OBJC_ISA_USAGE = YES_ERROR;
				CLANG_WARN_DOCUMENTATION_COMMENTS = YES;
				CLANG_WARN_EMPTY_BODY = YES;
				CLANG_WARN_ENUM_CONVERSION = YES;
				CLANG_WARN_INFINITE_RECURSION = YES;
				CLANG_WARN_INT_CONVERSION = YES;
				CLANG_WARN_NON_LITERAL_NULL_CONVERSION = YES;
				CLANG_WARN_OBJC_IMPLICIT_RETAIN_SELF = YES;
				CLANG_WARN_OBJC_LITERAL_CONVERSION = YES;
				CLANG_WARN_OBJC_ROOT_CLASS = YES_ERROR;
				CLANG_WARN_RANGE_LOOP_ANALYSIS = YES;
				CLANG_WARN_STRICT_PROTOTYPES = YES;
				CLANG_WARN_SUSPICIOUS_MOVE = YES;
				CLANG_WARN_UNGUARDED_AVAILABILITY = YES_AGGRESSIVE;
				CLANG_WARN_UNREACHABLE_CODE = YES;
				CLANG_WARN__DUPLICATE_METHOD_MATCH = YES;
				CODE_SIGN_IDENTITY = "iPhone Developer";
				COPY_PHASE_STRIP = NO;
				DEBUG_INFORMATION_FORMAT = dwarf;
				ENABLE_STRICT_OBJC_MSGSEND = YES;
				ENABLE_TESTABILITY = YES;
				GCC_C_LANGUAGE_STANDARD = gnu11;
				GCC_DYNAMIC_NO_PIC = NO;
				GCC_NO_COMMON_BLOCKS = YES;
				GCC_OPTIMIZATION_LEVEL = 0;
				GCC_PREPROCESSOR_DEFINITIONS = (
					"DEBUG=1",
					"$(inherited)",
				);
				GCC_WARN_64_TO_32_BIT_CONVERSION = YES;
				GCC_WARN_ABOUT_RETURN_TYPE = YES_ERROR;
				GCC_WARN_UNDECLARED_SELECTOR = YES;
				GCC_WARN_UNINITIALIZED_AUTOS = YES_AGGRESSIVE;
				GCC_WARN_UNUSED_FUNCTION = YES;
				GCC_WARN_UNUSED_VARIABLE = YES;
				IPHONEOS_DEPLOYMENT_TARGET = 12.0;
				MTL_ENABLE_DEBUG_INFO = INCLUDE_SOURCE;
				MTL_FAST_MATH = YES;
				ONLY_ACTIVE_ARCH = YES;
				SDKROOT = iphoneos;
				SWIFT_ACTIVE_COMPILATION_CONDITIONS = DEBUG;
				SWIFT_OPTIMIZATION_LEVEL = "-Onone";
			};
			name = Debug;
		};
		EAFDEB64219BF9D3005DA89F /* Release */ = {
			isa = XCBuildConfiguration;
			buildSettings = {
				ALWAYS_SEARCH_USER_PATHS = NO;
				CLANG_ANALYZER_NONNULL = YES;
				CLANG_ANALYZER_NUMBER_OBJECT_CONVERSION = YES_AGGRESSIVE;
				CLANG_CXX_LANGUAGE_STANDARD = "gnu++14";
				CLANG_CXX_LIBRARY = "libc++";
				CLANG_ENABLE_MODULES = YES;
				CLANG_ENABLE_OBJC_ARC = YES;
				CLANG_ENABLE_OBJC_WEAK = YES;
				CLANG_WARN_BLOCK_CAPTURE_AUTORELEASING = YES;
				CLANG_WARN_BOOL_CONVERSION = YES;
				CLANG_WARN_COMMA = YES;
				CLANG_WARN_CONSTANT_CONVERSION = YES;
				CLANG_WARN_DEPRECATED_OBJC_IMPLEMENTATIONS = YES;
				CLANG_WARN_DIRECT_OBJC_ISA_USAGE = YES_ERROR;
				CLANG_WARN_DOCUMENTATION_COMMENTS = YES;
				CLANG_WARN_EMPTY_BODY = YES;
				CLANG_WARN_ENUM_CONVERSION = YES;
				CLANG_WARN_INFINITE_RECURSION = YES;
				CLANG_WARN_INT_CONVERSION = YES;
				CLANG_WARN_NON_LITERAL_NULL_CONVERSION = YES;
				CLANG_WARN_OBJC_IMPLICIT_RETAIN_SELF = YES;
				CLANG_WARN_OBJC_LITERAL_CONVERSION = YES;
				CLANG_WARN_OBJC_ROOT_CLASS = YES_ERROR;
				CLANG_WARN_RANGE_LOOP_ANALYSIS = YES;
				CLANG_WARN_STRICT_PROTOTYPES = YES;
				CLANG_WARN_SUSPICIOUS_MOVE = YES;
				CLANG_WARN_UNGUARDED_AVAILABILITY = YES_AGGRESSIVE;
				CLANG_WARN_UNREACHABLE_CODE = YES;
				CLANG_WARN__DUPLICATE_METHOD_MATCH = YES;
				CODE_SIGN_IDENTITY = "iPhone Developer";
				COPY_PHASE_STRIP = NO;
				DEBUG_INFORMATION_FORMAT = "dwarf-with-dsym";
				ENABLE_NS_ASSERTIONS = NO;
				ENABLE_STRICT_OBJC_MSGSEND = YES;
				GCC_C_LANGUAGE_STANDARD = gnu11;
				GCC_NO_COMMON_BLOCKS = YES;
				GCC_WARN_64_TO_32_BIT_CONVERSION = YES;
				GCC_WARN_ABOUT_RETURN_TYPE = YES_ERROR;
				GCC_WARN_UNDECLARED_SELECTOR = YES;
				GCC_WARN_UNINITIALIZED_AUTOS = YES_AGGRESSIVE;
				GCC_WARN_UNUSED_FUNCTION = YES;
				GCC_WARN_UNUSED_VARIABLE = YES;
				IPHONEOS_DEPLOYMENT_TARGET = 12.0;
				MTL_ENABLE_DEBUG_INFO = NO;
				MTL_FAST_MATH = YES;
				SDKROOT = iphoneos;
				SWIFT_COMPILATION_MODE = wholemodule;
				SWIFT_OPTIMIZATION_LEVEL = "-O";
				VALIDATE_PRODUCT = YES;
			};
			name = Release;
		};
		EAFDEB66219BF9D3005DA89F /* Debug */ = {
			isa = XCBuildConfiguration;
			baseConfigurationReference = 229420726D6A079B2516AE2B /* Pods-MerlinFourSquare.debug.xcconfig */;
			buildSettings = {
				ASSETCATALOG_COMPILER_APPICON_NAME = AppIcon;
				CODE_SIGN_STYLE = Automatic;
				DEVELOPMENT_TEAM = KZNFXBD2B4;
				INFOPLIST_FILE = MerlinFourSquare/Info.plist;
				IPHONEOS_DEPLOYMENT_TARGET = 11.0;
				LD_RUNPATH_SEARCH_PATHS = (
					"$(inherited)",
					"@executable_path/Frameworks",
				);
				PRODUCT_BUNDLE_IDENTIFIER = com.merlinfoursquare.MerlinFourSquare;
				PRODUCT_NAME = "$(TARGET_NAME)";
				SWIFT_VERSION = 4.2;
				TARGETED_DEVICE_FAMILY = "1,2";
			};
			name = Debug;
		};
		EAFDEB67219BF9D3005DA89F /* Release */ = {
			isa = XCBuildConfiguration;
			baseConfigurationReference = 075F03505A00D4AD7090B994 /* Pods-MerlinFourSquare.release.xcconfig */;
			buildSettings = {
				ASSETCATALOG_COMPILER_APPICON_NAME = AppIcon;
				CODE_SIGN_STYLE = Automatic;
				DEVELOPMENT_TEAM = KZNFXBD2B4;
				INFOPLIST_FILE = MerlinFourSquare/Info.plist;
				IPHONEOS_DEPLOYMENT_TARGET = 11.0;
				LD_RUNPATH_SEARCH_PATHS = (
					"$(inherited)",
					"@executable_path/Frameworks",
				);
				PRODUCT_BUNDLE_IDENTIFIER = com.merlinfoursquare.MerlinFourSquare;
				PRODUCT_NAME = "$(TARGET_NAME)";
				SWIFT_VERSION = 4.2;
				TARGETED_DEVICE_FAMILY = "1,2";
			};
			name = Release;
		};
		EAFDEB69219BF9D3005DA89F /* Debug */ = {
			isa = XCBuildConfiguration;
			buildSettings = {
				ALWAYS_EMBED_SWIFT_STANDARD_LIBRARIES = YES;
				BUNDLE_LOADER = "$(TEST_HOST)";
				CODE_SIGN_STYLE = Automatic;
				DEVELOPMENT_TEAM = KZNFXBD2B4;
				INFOPLIST_FILE = MerlinFourSquareTests/Info.plist;
				LD_RUNPATH_SEARCH_PATHS = (
					"$(inherited)",
					"@executable_path/Frameworks",
					"@loader_path/Frameworks",
				);
				PRODUCT_BUNDLE_IDENTIFIER = com.merlinfoursquare.MerlinFourSquareTests;
				PRODUCT_NAME = "$(TARGET_NAME)";
				SWIFT_VERSION = 4.2;
				TARGETED_DEVICE_FAMILY = "1,2";
				TEST_HOST = "$(BUILT_PRODUCTS_DIR)/MerlinFourSquare.app/MerlinFourSquare";
			};
			name = Debug;
		};
		EAFDEB6A219BF9D3005DA89F /* Release */ = {
			isa = XCBuildConfiguration;
			buildSettings = {
				ALWAYS_EMBED_SWIFT_STANDARD_LIBRARIES = YES;
				BUNDLE_LOADER = "$(TEST_HOST)";
				CODE_SIGN_STYLE = Automatic;
				DEVELOPMENT_TEAM = KZNFXBD2B4;
				INFOPLIST_FILE = MerlinFourSquareTests/Info.plist;
				LD_RUNPATH_SEARCH_PATHS = (
					"$(inherited)",
					"@executable_path/Frameworks",
					"@loader_path/Frameworks",
				);
				PRODUCT_BUNDLE_IDENTIFIER = com.merlinfoursquare.MerlinFourSquareTests;
				PRODUCT_NAME = "$(TARGET_NAME)";
				SWIFT_VERSION = 4.2;
				TARGETED_DEVICE_FAMILY = "1,2";
				TEST_HOST = "$(BUILT_PRODUCTS_DIR)/MerlinFourSquare.app/MerlinFourSquare";
			};
			name = Release;
		};
		EAFDEB6C219BF9D3005DA89F /* Debug */ = {
			isa = XCBuildConfiguration;
			buildSettings = {
				ALWAYS_EMBED_SWIFT_STANDARD_LIBRARIES = YES;
				CODE_SIGN_STYLE = Automatic;
				DEVELOPMENT_TEAM = KZNFXBD2B4;
				INFOPLIST_FILE = MerlinFourSquareUITests/Info.plist;
				LD_RUNPATH_SEARCH_PATHS = (
					"$(inherited)",
					"@executable_path/Frameworks",
					"@loader_path/Frameworks",
				);
				PRODUCT_BUNDLE_IDENTIFIER = com.merlinfoursquare.MerlinFourSquareUITests;
				PRODUCT_NAME = "$(TARGET_NAME)";
				SWIFT_VERSION = 4.2;
				TARGETED_DEVICE_FAMILY = "1,2";
				TEST_TARGET_NAME = MerlinFourSquare;
			};
			name = Debug;
		};
		EAFDEB6D219BF9D3005DA89F /* Release */ = {
			isa = XCBuildConfiguration;
			buildSettings = {
				ALWAYS_EMBED_SWIFT_STANDARD_LIBRARIES = YES;
				CODE_SIGN_STYLE = Automatic;
				DEVELOPMENT_TEAM = KZNFXBD2B4;
				INFOPLIST_FILE = MerlinFourSquareUITests/Info.plist;
				LD_RUNPATH_SEARCH_PATHS = (
					"$(inherited)",
					"@executable_path/Frameworks",
					"@loader_path/Frameworks",
				);
				PRODUCT_BUNDLE_IDENTIFIER = com.merlinfoursquare.MerlinFourSquareUITests;
				PRODUCT_NAME = "$(TARGET_NAME)";
				SWIFT_VERSION = 4.2;
				TARGETED_DEVICE_FAMILY = "1,2";
				TEST_TARGET_NAME = MerlinFourSquare;
			};
			name = Release;
		};
/* End XCBuildConfiguration section */

/* Begin XCConfigurationList section */
		EAFDEB38219BF9D2005DA89F /* Build configuration list for PBXProject "MerlinFourSquare" */ = {
			isa = XCConfigurationList;
			buildConfigurations = (
				EAFDEB63219BF9D3005DA89F /* Debug */,
				EAFDEB64219BF9D3005DA89F /* Release */,
			);
			defaultConfigurationIsVisible = 0;
			defaultConfigurationName = Release;
		};
		EAFDEB65219BF9D3005DA89F /* Build configuration list for PBXNativeTarget "MerlinFourSquare" */ = {
			isa = XCConfigurationList;
			buildConfigurations = (
				EAFDEB66219BF9D3005DA89F /* Debug */,
				EAFDEB67219BF9D3005DA89F /* Release */,
			);
			defaultConfigurationIsVisible = 0;
			defaultConfigurationName = Release;
		};
		EAFDEB68219BF9D3005DA89F /* Build configuration list for PBXNativeTarget "MerlinFourSquareTests" */ = {
			isa = XCConfigurationList;
			buildConfigurations = (
				EAFDEB69219BF9D3005DA89F /* Debug */,
				EAFDEB6A219BF9D3005DA89F /* Release */,
			);
			defaultConfigurationIsVisible = 0;
			defaultConfigurationName = Release;
		};
		EAFDEB6B219BF9D3005DA89F /* Build configuration list for PBXNativeTarget "MerlinFourSquareUITests" */ = {
			isa = XCConfigurationList;
			buildConfigurations = (
				EAFDEB6C219BF9D3005DA89F /* Debug */,
				EAFDEB6D219BF9D3005DA89F /* Release */,
			);
			defaultConfigurationIsVisible = 0;
			defaultConfigurationName = Release;
		};
/* End XCConfigurationList section */
	};
	rootObject = EAFDEB35219BF9D2005DA89F /* Project object */;
}
